
Microsoft Visual Studio Solution File, Format Version 12.00
# Visual Studio Version 16
VisualStudioVersion = 16.0.31005.135
MinimumVisualStudioVersion = 10.0.40219.1
Project("{FAE04EC0-301F-11D3-BF4B-00C04F79EFBC}") = "lab3", "lab3\lab3.csproj", "{B37C399C-9534-4775-A9ED-9AE7C688B5CA}"
EndProject
Global
	GlobalSection(SolutionConfigurationPlatforms) = preSolution
		Debug|Any CPU = Debug|Any CPU
		Release|Any CPU = Release|Any CPU
	EndGlobalSection
	GlobalSection(ProjectConfigurationPlatforms) = postSolution
		{B37C399C-9534-4775-A9ED-9AE7C688B5CA}.Debug|Any CPU.ActiveCfg = Debug|Any CPU
		{B37C399C-9534-4775-A9ED-9AE7C688B5CA}.Debug|Any CPU.Build.0 = Debug|Any CPU
		{B37C399C-9534-4775-A9ED-9AE7C688B5CA}.Release|Any CPU.ActiveCfg = Release|Any CPU
		{B37C399C-9534-4775-A9ED-9AE7C688B5CA}.Release|Any CPU.Build.0 = Release|Any CPU
	EndGlobalSection
	GlobalSection(SolutionProperties) = preSolution
		HideSolutionNode = FALSE
	EndGlobalSection
	GlobalSection(ExtensibilityGlobals) = postSolution
		SolutionGuid = {0DD5E47A-F3E4-4005-BCB0-906882E93493}
	EndGlobalSection
EndGlobal
