
Microsoft Visual Studio Solution File, Format Version 12.00
# Visual Studio Version 16
VisualStudioVersion = 16.0.31025.194
MinimumVisualStudioVersion = 10.0.40219.1
Project("{FAE04EC0-301F-11D3-BF4B-00C04F79EFBC}") = "LAB_07", "LAB_07\LAB_07.csproj", "{1966D32B-DACA-45A5-8ED8-8DF1C96F4EDF}"
EndProject
Global
	GlobalSection(SolutionConfigurationPlatforms) = preSolution
		Debug|Any CPU = Debug|Any CPU
		Release|Any CPU = Release|Any CPU
	EndGlobalSection
	GlobalSection(ProjectConfigurationPlatforms) = postSolution
		{1966D32B-DACA-45A5-8ED8-8DF1C96F4EDF}.Debug|Any CPU.ActiveCfg = Debug|Any CPU
		{1966D32B-DACA-45A5-8ED8-8DF1C96F4EDF}.Debug|Any CPU.Build.0 = Debug|Any CPU
		{1966D32B-DACA-45A5-8ED8-8DF1C96F4EDF}.Release|Any CPU.ActiveCfg = Release|Any CPU
		{1966D32B-DACA-45A5-8ED8-8DF1C96F4EDF}.Release|Any CPU.Build.0 = Release|Any CPU
	EndGlobalSection
	GlobalSection(SolutionProperties) = preSolution
		HideSolutionNode = FALSE
	EndGlobalSection
	GlobalSection(ExtensibilityGlobals) = postSolution
		SolutionGuid = {E543A1E8-36AE-4020-A64F-6215569FC0F0}
	EndGlobalSection
EndGlobal
